// !$*UTF8*$!
{
	archiveVersion = 1;
	classes = {
	};
	objectVersion = 46;
	objects = {

/* Begin PBXBuildFile section */
		05F93D651A9822FA00088D13 /* DanceGraph.cpp in Sources */ = {isa = PBXBuildFile; fileRef = 05F93D641A9822FA00088D13 /* DanceGraph.cpp */; };
		05F93D721A98233F00088D13 /* EvolutionaryAlgorithm.cpp in Sources */ = {isa = PBXBuildFile; fileRef = 05F93D681A98233F00088D13 /* EvolutionaryAlgorithm.cpp */; };
		05F93D741A98233F00088D13 /* main.cpp in Sources */ = {isa = PBXBuildFile; fileRef = 05F93D6C1A98233F00088D13 /* main.cpp */; };
		05F93D751A98233F00088D13 /* Population.cpp in Sources */ = {isa = PBXBuildFile; fileRef = 05F93D6D1A98233F00088D13 /* Population.cpp */; };
		05F93D7A1A9823DC00088D13 /* DanceMove.cpp in Sources */ = {isa = PBXBuildFile; fileRef = 05F93D781A9823DC00088D13 /* DanceMove.cpp */; };
/* End PBXBuildFile section */

/* Begin PBXCopyFilesBuildPhase section */
		05F93D581A9822E100088D13 /* CopyFiles */ = {
			isa = PBXCopyFilesBuildPhase;
			buildActionMask = 2147483647;
			dstPath = /usr/share/man/man1/;
			dstSubfolderSpec = 0;
			files = (
			);
			runOnlyForDeploymentPostprocessing = 1;
		};
/* End PBXCopyFilesBuildPhase section */

/* Begin PBXFileReference section */
		05F93D5A1A9822E100088D13 /* DanceGeneticAlgorithm */ = {isa = PBXFileReference; explicitFileType = "compiled.mach-o.executable"; includeInIndex = 0; path = DanceGeneticAlgorithm; sourceTree = BUILT_PRODUCTS_DIR; };
		05F93D641A9822FA00088D13 /* DanceGraph.cpp */ = {isa = PBXFileReference; fileEncoding = 4; lastKnownFileType = sourcecode.cpp.cpp; path = DanceGraph.cpp; sourceTree = "<group>"; };
		05F93D681A98233F00088D13 /* EvolutionaryAlgorithm.cpp */ = {isa = PBXFileReference; fileEncoding = 4; lastKnownFileType = sourcecode.cpp.cpp; path = EvolutionaryAlgorithm.cpp; sourceTree = "<group>"; };
		05F93D691A98233F00088D13 /* EvolutionaryAlgorithm.h */ = {isa = PBXFileReference; fileEncoding = 4; lastKnownFileType = sourcecode.c.h; path = EvolutionaryAlgorithm.h; sourceTree = "<group>"; };
		05F93D6C1A98233F00088D13 /* main.cpp */ = {isa = PBXFileReference; fileEncoding = 4; lastKnownFileType = sourcecode.cpp.cpp; path = main.cpp; sourceTree = "<group>"; };
		05F93D6D1A98233F00088D13 /* Population.cpp */ = {isa = PBXFileReference; fileEncoding = 4; lastKnownFileType = sourcecode.cpp.cpp; path = Population.cpp; sourceTree = "<group>"; };
		05F93D6E1A98233F00088D13 /* Population.h */ = {isa = PBXFileReference; fileEncoding = 4; lastKnownFileType = sourcecode.c.h; path = Population.h; sourceTree = "<group>"; };
		05F93D771A98239400088D13 /* DanceGraph.h */ = {isa = PBXFileReference; lastKnownFileType = sourcecode.c.h; path = DanceGraph.h; sourceTree = "<group>"; };
		05F93D781A9823DC00088D13 /* DanceMove.cpp */ = {isa = PBXFileReference; fileEncoding = 4; lastKnownFileType = sourcecode.cpp.cpp; path = DanceMove.cpp; sourceTree = "<group>"; };
		05F93D791A9823DC00088D13 /* DanceMove.h */ = {isa = PBXFileReference; fileEncoding = 4; lastKnownFileType = sourcecode.c.h; path = DanceMove.h; sourceTree = "<group>"; };
/* End PBXFileReference section */

/* Begin PBXFrameworksBuildPhase section */
		05F93D571A9822E100088D13 /* Frameworks */ = {
			isa = PBXFrameworksBuildPhase;
			buildActionMask = 2147483647;
			files = (
			);
			runOnlyForDeploymentPostprocessing = 0;
		};
/* End PBXFrameworksBuildPhase section */

/* Begin PBXGroup section */
		05F93D511A9822E100088D13 = {
			isa = PBXGroup;
			children = (
				05F93D6C1A98233F00088D13 /* main.cpp */,
				05F93D681A98233F00088D13 /* EvolutionaryAlgorithm.cpp */,
				05F93D691A98233F00088D13 /* EvolutionaryAlgorithm.h */,
				05F93D6D1A98233F00088D13 /* Population.cpp */,
				05F93D6E1A98233F00088D13 /* Population.h */,
				05F93D641A9822FA00088D13 /* DanceGraph.cpp */,
				05F93D771A98239400088D13 /* DanceGraph.h */,
				05F93D781A9823DC00088D13 /* DanceMove.cpp */,
				05F93D791A9823DC00088D13 /* DanceMove.h */,
				05F93D5C1A9822E100088D13 /* DanceGeneticAlgorithm */,
				05F93D5B1A9822E100088D13 /* Products */,
			);
			sourceTree = "<group>";
		};
		05F93D5B1A9822E100088D13 /* Products */ = {
			isa = PBXGroup;
			children = (
				05F93D5A1A9822E100088D13 /* DanceGeneticAlgorithm */,
			);
			name = Products;
			sourceTree = "<group>";
		};
		05F93D5C1A9822E100088D13 /* DanceGeneticAlgorithm */ = {
			isa = PBXGroup;
			children = (
			);
			path = DanceGeneticAlgorithm;
			sourceTree = "<group>";
		};
/* End PBXGroup section */

/* Begin PBXNativeTarget section */
		05F93D591A9822E100088D13 /* DanceGeneticAlgorithm */ = {
			isa = PBXNativeTarget;
			buildConfigurationList = 05F93D611A9822E100088D13 /* Build configuration list for PBXNativeTarget "DanceGeneticAlgorithm" */;
			buildPhases = (
				05F93D561A9822E100088D13 /* Sources */,
				05F93D571A9822E100088D13 /* Frameworks */,
				05F93D581A9822E100088D13 /* CopyFiles */,
			);
			buildRules = (
			);
			dependencies = (
			);
			name = DanceGeneticAlgorithm;
			productName = DanceGeneticAlgorithm;
			productReference = 05F93D5A1A9822E100088D13 /* DanceGeneticAlgorithm */;
			productType = "com.apple.product-type.tool";
		};
/* End PBXNativeTarget section */

/* Begin PBXProject section */
		05F93D521A9822E100088D13 /* Project object */ = {
			isa = PBXProject;
			attributes = {
				LastUpgradeCheck = 0610;
				ORGANIZATIONNAME = "Sawyer Bowman";
				TargetAttributes = {
					05F93D591A9822E100088D13 = {
						CreatedOnToolsVersion = 6.1.1;
					};
				};
			};
			buildConfigurationList = 05F93D551A9822E100088D13 /* Build configuration list for PBXProject "DanceGeneticAlgorithm" */;
			compatibilityVersion = "Xcode 3.2";
			developmentRegion = English;
			hasScannedForEncodings = 0;
			knownRegions = (
				en,
			);
			mainGroup = 05F93D511A9822E100088D13;
			productRefGroup = 05F93D5B1A9822E100088D13 /* Products */;
			projectDirPath = "";
			projectRoot = "";
			targets = (
				05F93D591A9822E100088D13 /* DanceGeneticAlgorithm */,
			);
		};
/* End PBXProject section */

/* Begin PBXSourcesBuildPhase section */
		05F93D561A9822E100088D13 /* Sources */ = {
			isa = PBXSourcesBuildPhase;
			buildActionMask = 2147483647;
			files = (
				05F93D7A1A9823DC00088D13 /* DanceMove.cpp in Sources */,
				05F93D751A98233F00088D13 /* Population.cpp in Sources */,
				05F93D721A98233F00088D13 /* EvolutionaryAlgorithm.cpp in Sources */,
				05F93D741A98233F00088D13 /* main.cpp in Sources */,
				05F93D651A9822FA00088D13 /* DanceGraph.cpp in Sources */,
			);
			runOnlyForDeploymentPostprocessing = 0;
		};
/* End PBXSourcesBuildPhase section */

/* Begin XCBuildConfiguration section */
		05F93D5F1A9822E100088D13 /* Debug */ = {
			isa = XCBuildConfiguration;
			buildSettings = {
				ALWAYS_SEARCH_USER_PATHS = NO;
				CLANG_CXX_LANGUAGE_STANDARD = "gnu++0x";
				CLANG_CXX_LIBRARY = "libc++";
				CLANG_ENABLE_MODULES = YES;
				CLANG_ENABLE_OBJC_ARC = YES;
				CLANG_WARN_BOOL_CONVERSION = YES;
				CLANG_WARN_CONSTANT_CONVERSION = YES;
				CLANG_WARN_DIRECT_OBJC_ISA_USAGE = YES_ERROR;
				CLANG_WARN_EMPTY_BODY = YES;
				CLANG_WARN_ENUM_CONVERSION = YES;
				CLANG_WARN_INT_CONVERSION = YES;
				CLANG_WARN_OBJC_ROOT_CLASS = YES_ERROR;
				CLANG_WARN_UNREACHABLE_CODE = YES;
				CLANG_WARN__DUPLICATE_METHOD_MATCH = YES;
				COPY_PHASE_STRIP = NO;
				ENABLE_STRICT_OBJC_MSGSEND = YES;
				GCC_C_LANGUAGE_STANDARD = gnu99;
				GCC_DYNAMIC_NO_PIC = NO;
				GCC_OPTIMIZATION_LEVEL = 0;
				GCC_PREPROCESSOR_DEFINITIONS = (
					"DEBUG=1",
					"$(inherited)",
				);
				GCC_SYMBOLS_PRIVATE_EXTERN = NO;
				GCC_WARN_64_TO_32_BIT_CONVERSION = YES;
				GCC_WARN_ABOUT_RETURN_TYPE = YES_ERROR;
				GCC_WARN_UNDECLARED_SELECTOR = YES;
				GCC_WARN_UNINITIALIZED_AUTOS = YES_AGGRESSIVE;
				GCC_WARN_UNUSED_FUNCTION = YES;
				GCC_WARN_UNUSED_VARIABLE = YES;
				MACOSX_DEPLOYMENT_TARGET = 10.10;
				MTL_ENABLE_DEBUG_INFO = YES;
				ONLY_ACTIVE_ARCH = YES;
				SDKROOT = macosx;
			};
			name = Debug;
		};
		05F93D601A9822E100088D13 /* Release */ = {
			isa = XCBuildConfiguration;
			buildSettings = {
				ALWAYS_SEARCH_USER_PATHS = NO;
				CLANG_CXX_LANGUAGE_STANDARD = "gnu++0x";
				CLANG_CXX_LIBRARY = "libc++";
				CLANG_ENABLE_MODULES = YES;
				CLANG_ENABLE_OBJC_ARC = YES;
				CLANG_WARN_BOOL_CONVERSION = YES;
				CLANG_WARN_CONSTANT_CONVERSION = YES;
				CLANG_WARN_DIRECT_OBJC_ISA_USAGE = YES_ERROR;
				CLANG_WARN_EMPTY_BODY = YES;
				CLANG_WARN_ENUM_CONVERSION = YES;
				CLANG_WARN_INT_CONVERSION = YES;
				CLANG_WARN_OBJC_ROOT_CLASS = YES_ERROR;
				CLANG_WARN_UNREACHABLE_CODE = YES;
				CLANG_WARN__DUPLICATE_METHOD_MATCH = YES;
				COPY_PHASE_STRIP = YES;
				DEBUG_INFORMATION_FORMAT = "dwarf-with-dsym";
				ENABLE_NS_ASSERTIONS = NO;
				ENABLE_STRICT_OBJC_MSGSEND = YES;
				GCC_C_LANGUAGE_STANDARD = gnu99;
				GCC_WARN_64_TO_32_BIT_CONVERSION = YES;
				GCC_WARN_ABOUT_RETURN_TYPE = YES_ERROR;
				GCC_WARN_UNDECLARED_SELECTOR = YES;
				GCC_WARN_UNINITIALIZED_AUTOS = YES_AGGRESSIVE;
				GCC_WARN_UNUSED_FUNCTION = YES;
				GCC_WARN_UNUSED_VARIABLE = YES;
				MACOSX_DEPLOYMENT_TARGET = 10.10;
				MTL_ENABLE_DEBUG_INFO = NO;
				SDKROOT = macosx;
			};
			name = Release;
		};
		05F93D621A9822E100088D13 /* Debug */ = {
			isa = XCBuildConfiguration;
			buildSettings = {
				PRODUCT_NAME = "$(TARGET_NAME)";
			};
			name = Debug;
		};
		05F93D631A9822E100088D13 /* Release */ = {
			isa = XCBuildConfiguration;
			buildSettings = {
				PRODUCT_NAME = "$(TARGET_NAME)";
			};
			name = Release;
		};
/* End XCBuildConfiguration section */

/* Begin XCConfigurationList section */
		05F93D551A9822E100088D13 /* Build configuration list for PBXProject "DanceGeneticAlgorithm" */ = {
			isa = XCConfigurationList;
			buildConfigurations = (
				05F93D5F1A9822E100088D13 /* Debug */,
				05F93D601A9822E100088D13 /* Release */,
			);
			defaultConfigurationIsVisible = 0;
			defaultConfigurationName = Release;
		};
		05F93D611A9822E100088D13 /* Build configuration list for PBXNativeTarget "DanceGeneticAlgorithm" */ = {
			isa = XCConfigurationList;
			buildConfigurations = (
				05F93D621A9822E100088D13 /* Debug */,
				05F93D631A9822E100088D13 /* Release */,
			);
			defaultConfigurationIsVisible = 0;
		};
/* End XCConfigurationList section */
	};
	rootObject = 05F93D521A9822E100088D13 /* Project object */;
}
